// !$*UTF8*$!
{
	archiveVersion = 1;
	classes = {
	};
	objectVersion = 50;
	objects = {

/* Begin PBXBuildFile section */
		FCEB4E27234B99C50017945C /* AppDelegate.swift in Sources */ = {isa = PBXBuildFile; fileRef = FCEB4E26234B99C50017945C /* AppDelegate.swift */; };
		FCEB4E2C234B99C50017945C /* Main.storyboard in Resources */ = {isa = PBXBuildFile; fileRef = FCEB4E2A234B99C50017945C /* Main.storyboard */; };
		FCEB4E2E234B99CA0017945C /* Assets.xcassets in Resources */ = {isa = PBXBuildFile; fileRef = FCEB4E2D234B99CA0017945C /* Assets.xcassets */; };
		FCEB4E31234B99CA0017945C /* LaunchScreen.storyboard in Resources */ = {isa = PBXBuildFile; fileRef = FCEB4E2F234B99CA0017945C /* LaunchScreen.storyboard */; };
		FCEB4E39234BA0960017945C /* ColorsTableViewController.swift in Sources */ = {isa = PBXBuildFile; fileRef = FCEB4E38234BA0960017945C /* ColorsTableViewController.swift */; };
		FCEB4E3B234BABDA0017945C /* MyColor.swift in Sources */ = {isa = PBXBuildFile; fileRef = FCEB4E3A234BABDA0017945C /* MyColor.swift */; };
		FCEB4E3D234BAFC30017945C /* ColorDetailViewController.swift in Sources */ = {isa = PBXBuildFile; fileRef = FCEB4E3C234BAFC30017945C /* ColorDetailViewController.swift */; };
/* End PBXBuildFile section */

/* Begin PBXFileReference section */
		FCEB4E23234B99C50017945C /* Rainbow112M.app */ = {isa = PBXFileReference; explicitFileType = wrapper.application; includeInIndex = 0; path = Rainbow112M.app; sourceTree = BUILT_PRODUCTS_DIR; };
		FCEB4E26234B99C50017945C /* AppDelegate.swift */ = {isa = PBXFileReference; lastKnownFileType = sourcecode.swift; path = AppDelegate.swift; sourceTree = "<group>"; };
		FCEB4E2B234B99C50017945C /* Base */ = {isa = PBXFileReference; lastKnownFileType = file.storyboard; name = Base; path = Base.lproj/Main.storyboard; sourceTree = "<group>"; };
		FCEB4E2D234B99CA0017945C /* Assets.xcassets */ = {isa = PBXFileReference; lastKnownFileType = folder.assetcatalog; path = Assets.xcassets; sourceTree = "<group>"; };
		FCEB4E30234B99CA0017945C /* Base */ = {isa = PBXFileReference; lastKnownFileType = file.storyboard; name = Base; path = Base.lproj/LaunchScreen.storyboard; sourceTree = "<group>"; };
		FCEB4E32234B99CA0017945C /* Info.plist */ = {isa = PBXFileReference; lastKnownFileType = text.plist.xml; path = Info.plist; sourceTree = "<group>"; };
		FCEB4E38234BA0960017945C /* ColorsTableViewController.swift */ = {isa = PBXFileReference; lastKnownFileType = sourcecode.swift; path = ColorsTableViewController.swift; sourceTree = "<group>"; };
		FCEB4E3A234BABDA0017945C /* MyColor.swift */ = {isa = PBXFileReference; lastKnownFileType = sourcecode.swift; path = MyColor.swift; sourceTree = "<group>"; };
		FCEB4E3C234BAFC30017945C /* ColorDetailViewController.swift */ = {isa = PBXFileReference; lastKnownFileType = sourcecode.swift; path = ColorDetailViewController.swift; sourceTree = "<group>"; };
/* End PBXFileReference section */

/* Begin PBXFrameworksBuildPhase section */
		FCEB4E20234B99C50017945C /* Frameworks */ = {
			isa = PBXFrameworksBuildPhase;
			buildActionMask = 2147483647;
			files = (
			);
			runOnlyForDeploymentPostprocessing = 0;
		};
/* End PBXFrameworksBuildPhase section */

/* Begin PBXGroup section */
		FCEB4E1A234B99C50017945C = {
			isa = PBXGroup;
			children = (
				FCEB4E25234B99C50017945C /* Rainbow112M */,
				FCEB4E24234B99C50017945C /* Products */,
			);
			sourceTree = "<group>";
		};
		FCEB4E24234B99C50017945C /* Products */ = {
			isa = PBXGroup;
			children = (
				FCEB4E23234B99C50017945C /* Rainbow112M.app */,
			);
			name = Products;
			sourceTree = "<group>";
		};
		FCEB4E25234B99C50017945C /* Rainbow112M */ = {
			isa = PBXGroup;
			children = (
				FCEB4E26234B99C50017945C /* AppDelegate.swift */,
				FCEB4E3C234BAFC30017945C /* ColorDetailViewController.swift */,
				FCEB4E38234BA0960017945C /* ColorsTableViewController.swift */,
				FCEB4E3A234BABDA0017945C /* MyColor.swift */,
				FCEB4E2A234B99C50017945C /* Main.storyboard */,
				FCEB4E2D234B99CA0017945C /* Assets.xcassets */,
				FCEB4E2F234B99CA0017945C /* LaunchScreen.storyboard */,
				FCEB4E32234B99CA0017945C /* Info.plist */,
			);
			path = Rainbow112M;
			sourceTree = "<group>";
		};
/* End PBXGroup section */

/* Begin PBXNativeTarget section */
		FCEB4E22234B99C50017945C /* Rainbow112M */ = {
			isa = PBXNativeTarget;
			buildConfigurationList = FCEB4E35234B99CA0017945C /* Build configuration list for PBXNativeTarget "Rainbow112M" */;
			buildPhases = (
				FCEB4E1F234B99C50017945C /* Sources */,
				FCEB4E20234B99C50017945C /* Frameworks */,
				FCEB4E21234B99C50017945C /* Resources */,
			);
			buildRules = (
			);
			dependencies = (
			);
			name = Rainbow112M;
			productName = Rainbow112M;
			productReference = FCEB4E23234B99C50017945C /* Rainbow112M.app */;
			productType = "com.apple.product-type.application";
		};
/* End PBXNativeTarget section */

/* Begin PBXProject section */
		FCEB4E1B234B99C50017945C /* Project object */ = {
			isa = PBXProject;
			attributes = {
				LastSwiftUpdateCheck = 1030;
				LastUpgradeCheck = 1030;
				ORGANIZATIONNAME = johnpitts;
				TargetAttributes = {
					FCEB4E22234B99C50017945C = {
						CreatedOnToolsVersion = 10.3;
					};
				};
			};
			buildConfigurationList = FCEB4E1E234B99C50017945C /* Build configuration list for PBXProject "Rainbow112M" */;
			compatibilityVersion = "Xcode 9.3";
			developmentRegion = en;
			hasScannedForEncodings = 0;
			knownRegions = (
				en,
				Base,
			);
			mainGroup = FCEB4E1A234B99C50017945C;
			productRefGroup = FCEB4E24234B99C50017945C /* Products */;
			projectDirPath = "";
			projectRoot = "";
			targets = (
				FCEB4E22234B99C50017945C /* Rainbow112M */,
			);
		};
/* End PBXProject section */

/* Begin PBXResourcesBuildPhase section */
		FCEB4E21234B99C50017945C /* Resources */ = {
			isa = PBXResourcesBuildPhase;
			buildActionMask = 2147483647;
			files = (
				FCEB4E31234B99CA0017945C /* LaunchScreen.storyboard in Resources */,
				FCEB4E2E234B99CA0017945C /* Assets.xcassets in Resources */,
				FCEB4E2C234B99C50017945C /* Main.storyboard in Resources */,
			);
			runOnlyForDeploymentPostprocessing = 0;
		};
/* End PBXResourcesBuildPhase section */

/* Begin PBXSourcesBuildPhase section */
		FCEB4E1F234B99C50017945C /* Sources */ = {
			isa = PBXSourcesBuildPhase;
			buildActionMask = 2147483647;
			files = (
				FCEB4E27234B99C50017945C /* AppDelegate.swift in Sources */,
				FCEB4E39234BA0960017945C /* ColorsTableViewController.swift in Sources */,
				FCEB4E3B234BABDA0017945C /* MyColor.swift in Sources */,
				FCEB4E3D234BAFC30017945C /* ColorDetailViewController.swift in Sources */,
			);
			runOnlyForDeploymentPostprocessing = 0;
		};
/* End PBXSourcesBuildPhase section */

/* Begin PBXVariantGroup section */
		FCEB4E2A234B99C50017945C /* Main.storyboard */ = {
			isa = PBXVariantGroup;
			children = (
				FCEB4E2B234B99C50017945C /* Base */,
			);
			name = Main.storyboard;
			sourceTree = "<group>";
		};
		FCEB4E2F234B99CA0017945C /* LaunchScreen.storyboard */ = {
			isa = PBXVariantGroup;
			children = (
				FCEB4E30234B99CA0017945C /* Base */,
			);
			name = LaunchScreen.storyboard;
			sourceTree = "<group>";
		};
/* End PBXVariantGroup section */

/* Begin XCBuildConfiguration section */
		FCEB4E33234B99CA0017945C /* Debug */ = {
			isa = XCBuildConfiguration;
			buildSettings = {
				ALWAYS_SEARCH_USER_PATHS = NO;
				CLANG_ANALYZER_NONNULL = YES;
				CLANG_ANALYZER_NUMBER_OBJECT_CONVERSION = YES_AGGRESSIVE;
				CLANG_CXX_LANGUAGE_STANDARD = "gnu++14";
				CLANG_CXX_LIBRARY = "libc++";
				CLANG_ENABLE_MODULES = YES;
				CLANG_ENABLE_OBJC_ARC = YES;
				CLANG_ENABLE_OBJC_WEAK = YES;
				CLANG_WARN_BLOCK_CAPTURE_AUTORELEASING = YES;
				CLANG_WARN_BOOL_CONVERSION = YES;
				CLANG_WARN_COMMA = YES;
				CLANG_WARN_CONSTANT_CONVERSION = YES;
				CLANG_WARN_DEPRECATED_OBJC_IMPLEMENTATIONS = YES;
				CLANG_WARN_DIRECT_OBJC_ISA_USAGE = YES_ERROR;
				CLANG_WARN_DOCUMENTATION_COMMENTS = YES;
				CLANG_WARN_EMPTY_BODY = YES;
				CLANG_WARN_ENUM_CONVERSION = YES;
				CLANG_WARN_INFINITE_RECURSION = YES;
				CLANG_WARN_INT_CONVERSION = YES;
				CLANG_WARN_NON_LITERAL_NULL_CONVERSION = YES;
				CLANG_WARN_OBJC_IMPLICIT_RETAIN_SELF = YES;
				CLANG_WARN_OBJC_LITERAL_CONVERSION = YES;
				CLANG_WARN_OBJC_ROOT_CLASS = YES_ERROR;
				CLANG_WARN_RANGE_LOOP_ANALYSIS = YES;
				CLANG_WARN_STRICT_PROTOTYPES = YES;
				CLANG_WARN_SUSPICIOUS_MOVE = YES;
				CLANG_WARN_UNGUARDED_AVAILABILITY = YES_AGGRESSIVE;
				CLANG_WARN_UNREACHABLE_CODE = YES;
				CLANG_WARN__DUPLICATE_METHOD_MATCH = YES;
				CODE_SIGN_IDENTITY = "iPhone Developer";
				COPY_PHASE_STRIP = NO;
				DEBUG_INFORMATION_FORMAT = dwarf;
				ENABLE_STRICT_OBJC_MSGSEND = YES;
				ENABLE_TESTABILITY = YES;
				GCC_C_LANGUAGE_STANDARD = gnu11;
				GCC_DYNAMIC_NO_PIC = NO;
				GCC_NO_COMMON_BLOCKS = YES;
				GCC_OPTIMIZATION_LEVEL = 0;
				GCC_PREPROCESSOR_DEFINITIONS = (
					"DEBUG=1",
					"$(inherited)",
				);
				GCC_WARN_64_TO_32_BIT_CONVERSION = YES;
				GCC_WARN_ABOUT_RETURN_TYPE = YES_ERROR;
				GCC_WARN_UNDECLARED_SELECTOR = YES;
				GCC_WARN_UNINITIALIZED_AUTOS = YES_AGGRESSIVE;
				GCC_WARN_UNUSED_FUNCTION = YES;
				GCC_WARN_UNUSED_VARIABLE = YES;
				IPHONEOS_DEPLOYMENT_TARGET = 12.4;
				MTL_ENABLE_DEBUG_INFO = INCLUDE_SOURCE;
				MTL_FAST_MATH = YES;
				ONLY_ACTIVE_ARCH = YES;
				SDKROOT = iphoneos;
				SWIFT_ACTIVE_COMPILATION_CONDITIONS = DEBUG;
				SWIFT_OPTIMIZATION_LEVEL = "-Onone";
			};
			name = Debug;
		};
		FCEB4E34234B99CA0017945C /* Release */ = {
			isa = XCBuildConfiguration;
			buildSettings = {
				ALWAYS_SEARCH_USER_PATHS = NO;
				CLANG_ANALYZER_NONNULL = YES;
				CLANG_ANALYZER_NUMBER_OBJECT_CONVERSION = YES_AGGRESSIVE;
				CLANG_CXX_LANGUAGE_STANDARD = "gnu++14";
				CLANG_CXX_LIBRARY = "libc++";
				CLANG_ENABLE_MODULES = YES;
				CLANG_ENABLE_OBJC_ARC = YES;
				CLANG_ENABLE_OBJC_WEAK = YES;
				CLANG_WARN_BLOCK_CAPTURE_AUTORELEASING = YES;
				CLANG_WARN_BOOL_CONVERSION = YES;
				CLANG_WARN_COMMA = YES;
				CLANG_WARN_CONSTANT_CONVERSION = YES;
				CLANG_WARN_DEPRECATED_OBJC_IMPLEMENTATIONS = YES;
				CLANG_WARN_DIRECT_OBJC_ISA_USAGE = YES_ERROR;
				CLANG_WARN_DOCUMENTATION_COMMENTS = YES;
				CLANG_WARN_EMPTY_BODY = YES;
				CLANG_WARN_ENUM_CONVERSION = YES;
				CLANG_WARN_INFINITE_RECURSION = YES;
				CLANG_WARN_INT_CONVERSION = YES;
				CLANG_WARN_NON_LITERAL_NULL_CONVERSION = YES;
				CLANG_WARN_OBJC_IMPLICIT_RETAIN_SELF = YES;
				CLANG_WARN_OBJC_LITERAL_CONVERSION = YES;
				CLANG_WARN_OBJC_ROOT_CLASS = YES_ERROR;
				CLANG_WARN_RANGE_LOOP_ANALYSIS = YES;
				CLANG_WARN_STRICT_PROTOTYPES = YES;
				CLANG_WARN_SUSPICIOUS_MOVE = YES;
				CLANG_WARN_UNGUARDED_AVAILABILITY = YES_AGGRESSIVE;
				CLANG_WARN_UNREACHABLE_CODE = YES;
				CLANG_WARN__DUPLICATE_METHOD_MATCH = YES;
				CODE_SIGN_IDENTITY = "iPhone Developer";
				COPY_PHASE_STRIP = NO;
				DEBUG_INFORMATION_FORMAT = "dwarf-with-dsym";
				ENABLE_NS_ASSERTIONS = NO;
				ENABLE_STRICT_OBJC_MSGSEND = YES;
				GCC_C_LANGUAGE_STANDARD = gnu11;
				GCC_NO_COMMON_BLOCKS = YES;
				GCC_WARN_64_TO_32_BIT_CONVERSION = YES;
				GCC_WARN_ABOUT_RETURN_TYPE = YES_ERROR;
				GCC_WARN_UNDECLARED_SELECTOR = YES;
				GCC_WARN_UNINITIALIZED_AUTOS = YES_AGGRESSIVE;
				GCC_WARN_UNUSED_FUNCTION = YES;
				GCC_WARN_UNUSED_VARIABLE = YES;
				IPHONEOS_DEPLOYMENT_TARGET = 12.4;
				MTL_ENABLE_DEBUG_INFO = NO;
				MTL_FAST_MATH = YES;
				SDKROOT = iphoneos;
				SWIFT_COMPILATION_MODE = wholemodule;
				SWIFT_OPTIMIZATION_LEVEL = "-O";
				VALIDATE_PRODUCT = YES;
			};
			name = Release;
		};
		FCEB4E36234B99CA0017945C /* Debug */ = {
			isa = XCBuildConfiguration;
			buildSettings = {
				ASSETCATALOG_COMPILER_APPICON_NAME = AppIcon;
				CODE_SIGN_STYLE = Automatic;
				DEVELOPMENT_TEAM = ASMS2YJYR9;
				INFOPLIST_FILE = Rainbow112M/Info.plist;
				IPHONEOS_DEPLOYMENT_TARGET = 12.4;
				LD_RUNPATH_SEARCH_PATHS = (
					"$(inherited)",
					"@executable_path/Frameworks",
				);
				PRODUCT_BUNDLE_IDENTIFIER = com.johnpitts.Rainbow112M;
				PRODUCT_NAME = "$(TARGET_NAME)";
				SWIFT_VERSION = 5.0;
				TARGETED_DEVICE_FAMILY = "1,2";
			};
			name = Debug;
		};
		FCEB4E37234B99CA0017945C /* Release */ = {
			isa = XCBuildConfiguration;
			buildSettings = {
				ASSETCATALOG_COMPILER_APPICON_NAME = AppIcon;
				CODE_SIGN_STYLE = Automatic;
				DEVELOPMENT_TEAM = ASMS2YJYR9;
				INFOPLIST_FILE = Rainbow112M/Info.plist;
				IPHONEOS_DEPLOYMENT_TARGET = 12.4;
				LD_RUNPATH_SEARCH_PATHS = (
					"$(inherited)",
					"@executable_path/Frameworks",
				);
				PRODUCT_BUNDLE_IDENTIFIER = com.johnpitts.Rainbow112M;
				PRODUCT_NAME = "$(TARGET_NAME)";
				SWIFT_VERSION = 5.0;
				TARGETED_DEVICE_FAMILY = "1,2";
			};
			name = Release;
		};
/* End XCBuildConfiguration section */

/* Begin XCConfigurationList section */
		FCEB4E1E234B99C50017945C /* Build configuration list for PBXProject "Rainbow112M" */ = {
			isa = XCConfigurationList;
			buildConfigurations = (
				FCEB4E33234B99CA0017945C /* Debug */,
				FCEB4E34234B99CA0017945C /* Release */,
			);
			defaultConfigurationIsVisible = 0;
			defaultConfigurationName = Release;
		};
		FCEB4E35234B99CA0017945C /* Build configuration list for PBXNativeTarget "Rainbow112M" */ = {
			isa = XCConfigurationList;
			buildConfigurations = (
				FCEB4E36234B99CA0017945C /* Debug */,
				FCEB4E37234B99CA0017945C /* Release */,
			);
			defaultConfigurationIsVisible = 0;
			defaultConfigurationName = Release;
		};
/* End XCConfigurationList section */
	};
	rootObject = FCEB4E1B234B99C50017945C /* Project object */;
}
